
Microsoft Visual Studio Solution File, Format Version 12.00
# Visual Studio Version 16
VisualStudioVersion = 16.0.29020.237
MinimumVisualStudioVersion = 10.0.40219.1
Project("{FAE04EC0-301F-11D3-BF4B-00C04F79EFBC}") = "MovieRentals", "MovieRentals.csproj", "{7917F529-D2E4-4B0F-A7C3-24DB154C204C}"
EndProject
Global
	GlobalSection(SolutionConfigurationPlatforms) = preSolution
		Debug|Any CPU = Debug|Any CPU
		Release|Any CPU = Release|Any CPU
	EndGlobalSection
	GlobalSection(ProjectConfigurationPlatforms) = postSolution
		{7917F529-D2E4-4B0F-A7C3-24DB154C204C}.Debug|Any CPU.ActiveCfg = Debug|Any CPU
		{7917F529-D2E4-4B0F-A7C3-24DB154C204C}.Debug|Any CPU.Build.0 = Debug|Any CPU
		{7917F529-D2E4-4B0F-A7C3-24DB154C204C}.Release|Any CPU.ActiveCfg = Release|Any CPU
		{7917F529-D2E4-4B0F-A7C3-24DB154C204C}.Release|Any CPU.Build.0 = Release|Any CPU
	EndGlobalSection
	GlobalSection(SolutionProperties) = preSolution
		HideSolutionNode = FALSE
	EndGlobalSection
	GlobalSection(ExtensibilityGlobals) = postSolution
		SolutionGuid = {E6A04E3E-A776-403F-B742-ED764B361D35}
	EndGlobalSection
EndGlobal
